// !$*UTF8*$!
{
	archiveVersion = 1;
	classes = {
	};
	objectVersion = 46;
	objects = {

/* Begin PBXBuildFile section */
		6351FDA61B83B63A00D4BB8D /* AppDelegate.swift in Sources */ = {isa = PBXBuildFile; fileRef = 6351FDA51B83B63A00D4BB8D /* AppDelegate.swift */; };
		6351FDA81B83B63A00D4BB8D /* ViewController.swift in Sources */ = {isa = PBXBuildFile; fileRef = 6351FDA71B83B63A00D4BB8D /* ViewController.swift */; };
		6351FDAB1B83B63A00D4BB8D /* Main.storyboard in Resources */ = {isa = PBXBuildFile; fileRef = 6351FDA91B83B63A00D4BB8D /* Main.storyboard */; };
		6351FDAD1B83B63A00D4BB8D /* Images.xcassets in Resources */ = {isa = PBXBuildFile; fileRef = 6351FDAC1B83B63A00D4BB8D /* Images.xcassets */; };
		6351FDB01B83B63A00D4BB8D /* LaunchScreen.xib in Resources */ = {isa = PBXBuildFile; fileRef = 6351FDAE1B83B63A00D4BB8D /* LaunchScreen.xib */; };
		6351FDBC1B83B63A00D4BB8D /* Yelp_It_Off_DemoTests.swift in Sources */ = {isa = PBXBuildFile; fileRef = 6351FDBB1B83B63A00D4BB8D /* Yelp_It_Off_DemoTests.swift */; };
		6351FDF81B85048A00D4BB8D /* YelpAPIClient.swift in Sources */ = {isa = PBXBuildFile; fileRef = 6351FDF71B85048A00D4BB8D /* YelpAPIClient.swift */; };
		6351FDFD1B8504AB00D4BB8D /* OAuthSwift.framework in Embed Frameworks */ = {isa = PBXBuildFile; fileRef = 6351FDEF1B85041500D4BB8D /* OAuthSwift.framework */; settings = {ATTRIBUTES = (CodeSignOnCopy, RemoveHeadersOnCopy, ); }; };
/* End PBXBuildFile section */

/* Begin PBXContainerItemProxy section */
		6351FDB61B83B63A00D4BB8D /* PBXContainerItemProxy */ = {
			isa = PBXContainerItemProxy;
			containerPortal = 6351FD981B83B63A00D4BB8D /* Project object */;
			proxyType = 1;
			remoteGlobalIDString = 6351FD9F1B83B63A00D4BB8D;
			remoteInfo = "Yelp It Off Demo";
		};
		6351FDEC1B85041500D4BB8D /* PBXContainerItemProxy */ = {
			isa = PBXContainerItemProxy;
			containerPortal = 6351FDE51B85041500D4BB8D /* OAuthSwift.xcodeproj */;
			proxyType = 2;
			remoteGlobalIDString = F451E3C5195B8CD80051434C;
			remoteInfo = OAuthSwiftDemo;
		};
		6351FDEE1B85041500D4BB8D /* PBXContainerItemProxy */ = {
			isa = PBXContainerItemProxy;
			containerPortal = 6351FDE51B85041500D4BB8D /* OAuthSwift.xcodeproj */;
			proxyType = 2;
			remoteGlobalIDString = F435027A1A6791B200038A29;
			remoteInfo = OAuthSwift;
		};
		6351FDF01B85041500D4BB8D /* PBXContainerItemProxy */ = {
			isa = PBXContainerItemProxy;
			containerPortal = 6351FDE51B85041500D4BB8D /* OAuthSwift.xcodeproj */;
			proxyType = 2;
			remoteGlobalIDString = C49FD5241AFB5DF500791E1A;
			remoteInfo = OAuthSwiftOSXDemo;
		};
		6351FDF21B85041500D4BB8D /* PBXContainerItemProxy */ = {
			isa = PBXContainerItemProxy;
			containerPortal = 6351FDE51B85041500D4BB8D /* OAuthSwift.xcodeproj */;
			proxyType = 2;
			remoteGlobalIDString = C48B28021AFA598D00C7DEF6;
			remoteInfo = OAuthSwiftOSX;
		};
		63807C151C00129C00E357A2 /* PBXContainerItemProxy */ = {
			isa = PBXContainerItemProxy;
			containerPortal = 6351FDE51B85041500D4BB8D /* OAuthSwift.xcodeproj */;
			proxyType = 2;
			remoteGlobalIDString = C4B6EE1E1BF74CE300443596;
			remoteInfo = OAuthSwiftTVOS;
		};
		63807C171C00129C00E357A2 /* PBXContainerItemProxy */ = {
			isa = PBXContainerItemProxy;
			containerPortal = 6351FDE51B85041500D4BB8D /* OAuthSwift.xcodeproj */;
			proxyType = 2;
			remoteGlobalIDString = C4D50DF71BFB693F0053B624;
			remoteInfo = OAuthSwiftTests;
		};
/* End PBXContainerItemProxy section */

/* Begin PBXCopyFilesBuildPhase section */
		6351FDDB1B83B6C700D4BB8D /* Embed Frameworks */ = {
			isa = PBXCopyFilesBuildPhase;
			buildActionMask = 2147483647;
			dstPath = "";
			dstSubfolderSpec = 10;
			files = (
				6351FDFD1B8504AB00D4BB8D /* OAuthSwift.framework in Embed Frameworks */,
			);
			name = "Embed Frameworks";
			runOnlyForDeploymentPostprocessing = 0;
		};
/* End PBXCopyFilesBuildPhase section */

/* Begin PBXFileReference section */
		6351FDA01B83B63A00D4BB8D /* Yelp It Off Demo.app */ = {isa = PBXFileReference; explicitFileType = wrapper.application; includeInIndex = 0; path = "Yelp It Off Demo.app"; sourceTree = BUILT_PRODUCTS_DIR; };
		6351FDA41B83B63A00D4BB8D /* Info.plist */ = {isa = PBXFileReference; lastKnownFileType = text.plist.xml; path = Info.plist; sourceTree = "<group>"; };
		6351FDA51B83B63A00D4BB8D /* AppDelegate.swift */ = {isa = PBXFileReference; lastKnownFileType = sourcecode.swift; path = AppDelegate.swift; sourceTree = "<group>"; };
		6351FDA71B83B63A00D4BB8D /* ViewController.swift */ = {isa = PBXFileReference; lastKnownFileType = sourcecode.swift; path = ViewController.swift; sourceTree = "<group>"; };
		6351FDAA1B83B63A00D4BB8D /* Base */ = {isa = PBXFileReference; lastKnownFileType = file.storyboard; name = Base; path = Base.lproj/Main.storyboard; sourceTree = "<group>"; };
		6351FDAC1B83B63A00D4BB8D /* Images.xcassets */ = {isa = PBXFileReference; lastKnownFileType = folder.assetcatalog; path = Images.xcassets; sourceTree = "<group>"; };
		6351FDAF1B83B63A00D4BB8D /* Base */ = {isa = PBXFileReference; lastKnownFileType = file.xib; name = Base; path = Base.lproj/LaunchScreen.xib; sourceTree = "<group>"; };
		6351FDB51B83B63A00D4BB8D /* Yelp It Off DemoTests.xctest */ = {isa = PBXFileReference; explicitFileType = wrapper.cfbundle; includeInIndex = 0; path = "Yelp It Off DemoTests.xctest"; sourceTree = BUILT_PRODUCTS_DIR; };
		6351FDBA1B83B63A00D4BB8D /* Info.plist */ = {isa = PBXFileReference; lastKnownFileType = text.plist.xml; path = Info.plist; sourceTree = "<group>"; };
		6351FDBB1B83B63A00D4BB8D /* Yelp_It_Off_DemoTests.swift */ = {isa = PBXFileReference; lastKnownFileType = sourcecode.swift; path = Yelp_It_Off_DemoTests.swift; sourceTree = "<group>"; };
		6351FDE51B85041500D4BB8D /* OAuthSwift.xcodeproj */ = {isa = PBXFileReference; lastKnownFileType = "wrapper.pb-project"; name = OAuthSwift.xcodeproj; path = OAuthSwift/OAuthSwift.xcodeproj; sourceTree = SOURCE_ROOT; };
		6351FDF71B85048A00D4BB8D /* YelpAPIClient.swift */ = {isa = PBXFileReference; fileEncoding = 4; lastKnownFileType = sourcecode.swift; name = YelpAPIClient.swift; path = ../../YelpAPIClient.swift; sourceTree = "<group>"; };
/* End PBXFileReference section */

/* Begin PBXFrameworksBuildPhase section */
		6351FD9D1B83B63A00D4BB8D /* Frameworks */ = {
			isa = PBXFrameworksBuildPhase;
			buildActionMask = 2147483647;
			files = (
			);
			runOnlyForDeploymentPostprocessing = 0;
		};
		6351FDB21B83B63A00D4BB8D /* Frameworks */ = {
			isa = PBXFrameworksBuildPhase;
			buildActionMask = 2147483647;
			files = (
			);
			runOnlyForDeploymentPostprocessing = 0;
		};
/* End PBXFrameworksBuildPhase section */

/* Begin PBXGroup section */
		6351FD971B83B63A00D4BB8D = {
			isa = PBXGroup;
			children = (
				6351FDA21B83B63A00D4BB8D /* Yelp It Off Demo */,
				6351FDB81B83B63A00D4BB8D /* Yelp It Off DemoTests */,
				6351FDA11B83B63A00D4BB8D /* Products */,
			);
			sourceTree = "<group>";
		};
		6351FDA11B83B63A00D4BB8D /* Products */ = {
			isa = PBXGroup;
			children = (
				6351FDA01B83B63A00D4BB8D /* Yelp It Off Demo.app */,
				6351FDB51B83B63A00D4BB8D /* Yelp It Off DemoTests.xctest */,
			);
			name = Products;
			sourceTree = "<group>";
		};
		6351FDA21B83B63A00D4BB8D /* Yelp It Off Demo */ = {
			isa = PBXGroup;
			children = (
				6351FDF71B85048A00D4BB8D /* YelpAPIClient.swift */,
				6351FDE51B85041500D4BB8D /* OAuthSwift.xcodeproj */,
				6351FDA51B83B63A00D4BB8D /* AppDelegate.swift */,
				6351FDA71B83B63A00D4BB8D /* ViewController.swift */,
				6351FDA91B83B63A00D4BB8D /* Main.storyboard */,
				6351FDAC1B83B63A00D4BB8D /* Images.xcassets */,
				6351FDAE1B83B63A00D4BB8D /* LaunchScreen.xib */,
				6351FDA31B83B63A00D4BB8D /* Supporting Files */,
			);
			path = "Yelp It Off Demo";
			sourceTree = "<group>";
		};
		6351FDA31B83B63A00D4BB8D /* Supporting Files */ = {
			isa = PBXGroup;
			children = (
				6351FDA41B83B63A00D4BB8D /* Info.plist */,
			);
			name = "Supporting Files";
			sourceTree = "<group>";
		};
		6351FDB81B83B63A00D4BB8D /* Yelp It Off DemoTests */ = {
			isa = PBXGroup;
			children = (
				6351FDBB1B83B63A00D4BB8D /* Yelp_It_Off_DemoTests.swift */,
				6351FDB91B83B63A00D4BB8D /* Supporting Files */,
			);
			path = "Yelp It Off DemoTests";
			sourceTree = "<group>";
		};
		6351FDB91B83B63A00D4BB8D /* Supporting Files */ = {
			isa = PBXGroup;
			children = (
				6351FDBA1B83B63A00D4BB8D /* Info.plist */,
			);
			name = "Supporting Files";
			sourceTree = "<group>";
		};
		6351FDE61B85041500D4BB8D /* Products */ = {
			isa = PBXGroup;
			children = (
				6351FDEF1B85041500D4BB8D /* OAuthSwift.framework */,
				6351FDED1B85041500D4BB8D /* OAuthSwiftDemo.app */,
				6351FDF31B85041500D4BB8D /* OAuthSwift.framework */,
				6351FDF11B85041500D4BB8D /* OAuthSwiftOSXDemo.app */,
				63807C161C00129C00E357A2 /* OAuthSwiftTVOS.framework */,
				63807C181C00129C00E357A2 /* OAuthSwiftTests.xctest */,
			);
			name = Products;
			sourceTree = "<group>";
		};
/* End PBXGroup section */

/* Begin PBXNativeTarget section */
		6351FD9F1B83B63A00D4BB8D /* Yelp It Off Demo */ = {
			isa = PBXNativeTarget;
			buildConfigurationList = 6351FDBF1B83B63A00D4BB8D /* Build configuration list for PBXNativeTarget "Yelp It Off Demo" */;
			buildPhases = (
				6351FD9C1B83B63A00D4BB8D /* Sources */,
				6351FD9D1B83B63A00D4BB8D /* Frameworks */,
				6351FD9E1B83B63A00D4BB8D /* Resources */,
				6351FDDB1B83B6C700D4BB8D /* Embed Frameworks */,
			);
			buildRules = (
			);
			dependencies = (
			);
			name = "Yelp It Off Demo";
			productName = "Yelp It Off Demo";
			productReference = 6351FDA01B83B63A00D4BB8D /* Yelp It Off Demo.app */;
			productType = "com.apple.product-type.application";
		};
		6351FDB41B83B63A00D4BB8D /* Yelp It Off DemoTests */ = {
			isa = PBXNativeTarget;
			buildConfigurationList = 6351FDC21B83B63A00D4BB8D /* Build configuration list for PBXNativeTarget "Yelp It Off DemoTests" */;
			buildPhases = (
				6351FDB11B83B63A00D4BB8D /* Sources */,
				6351FDB21B83B63A00D4BB8D /* Frameworks */,
				6351FDB31B83B63A00D4BB8D /* Resources */,
			);
			buildRules = (
			);
			dependencies = (
				6351FDB71B83B63A00D4BB8D /* PBXTargetDependency */,
			);
			name = "Yelp It Off DemoTests";
			productName = "Yelp It Off DemoTests";
			productReference = 6351FDB51B83B63A00D4BB8D /* Yelp It Off DemoTests.xctest */;
			productType = "com.apple.product-type.bundle.unit-test";
		};
/* End PBXNativeTarget section */

/* Begin PBXProject section */
		6351FD981B83B63A00D4BB8D /* Project object */ = {
			isa = PBXProject;
			attributes = {
				LastSwiftUpdateCheck = 0710;
				LastUpgradeCheck = 0710;
				ORGANIZATIONNAME = dlqapps;
				TargetAttributes = {
					6351FD9F1B83B63A00D4BB8D = {
						CreatedOnToolsVersion = 6.4;
					};
					6351FDB41B83B63A00D4BB8D = {
						CreatedOnToolsVersion = 6.4;
						TestTargetID = 6351FD9F1B83B63A00D4BB8D;
					};
				};
			};
			buildConfigurationList = 6351FD9B1B83B63A00D4BB8D /* Build configuration list for PBXProject "Yelp It Off Demo" */;
			compatibilityVersion = "Xcode 3.2";
			developmentRegion = English;
			hasScannedForEncodings = 0;
			knownRegions = (
				en,
				Base,
			);
			mainGroup = 6351FD971B83B63A00D4BB8D;
			productRefGroup = 6351FDA11B83B63A00D4BB8D /* Products */;
			projectDirPath = "";
			projectReferences = (
				{
					ProductGroup = 6351FDE61B85041500D4BB8D /* Products */;
					ProjectRef = 6351FDE51B85041500D4BB8D /* OAuthSwift.xcodeproj */;
				},
			);
			projectRoot = "";
			targets = (
				6351FD9F1B83B63A00D4BB8D /* Yelp It Off Demo */,
				6351FDB41B83B63A00D4BB8D /* Yelp It Off DemoTests */,
			);
		};
/* End PBXProject section */

/* Begin PBXReferenceProxy section */
		6351FDED1B85041500D4BB8D /* OAuthSwiftDemo.app */ = {
			isa = PBXReferenceProxy;
			fileType = wrapper.application;
			path = OAuthSwiftDemo.app;
			remoteRef = 6351FDEC1B85041500D4BB8D /* PBXContainerItemProxy */;
			sourceTree = BUILT_PRODUCTS_DIR;
		};
		6351FDEF1B85041500D4BB8D /* OAuthSwift.framework */ = {
			isa = PBXReferenceProxy;
			fileType = wrapper.framework;
			path = OAuthSwift.framework;
			remoteRef = 6351FDEE1B85041500D4BB8D /* PBXContainerItemProxy */;
			sourceTree = BUILT_PRODUCTS_DIR;
		};
		6351FDF11B85041500D4BB8D /* OAuthSwiftOSXDemo.app */ = {
			isa = PBXReferenceProxy;
			fileType = wrapper.application;
			path = OAuthSwiftOSXDemo.app;
			remoteRef = 6351FDF01B85041500D4BB8D /* PBXContainerItemProxy */;
			sourceTree = BUILT_PRODUCTS_DIR;
		};
		6351FDF31B85041500D4BB8D /* OAuthSwift.framework */ = {
			isa = PBXReferenceProxy;
			fileType = wrapper.framework;
			path = OAuthSwift.framework;
			remoteRef = 6351FDF21B85041500D4BB8D /* PBXContainerItemProxy */;
			sourceTree = BUILT_PRODUCTS_DIR;
		};
		63807C161C00129C00E357A2 /* OAuthSwiftTVOS.framework */ = {
			isa = PBXReferenceProxy;
			fileType = wrapper.framework;
			path = OAuthSwiftTVOS.framework;
			remoteRef = 63807C151C00129C00E357A2 /* PBXContainerItemProxy */;
			sourceTree = BUILT_PRODUCTS_DIR;
		};
		63807C181C00129C00E357A2 /* OAuthSwiftTests.xctest */ = {
			isa = PBXReferenceProxy;
			fileType = wrapper.cfbundle;
			path = OAuthSwiftTests.xctest;
			remoteRef = 63807C171C00129C00E357A2 /* PBXContainerItemProxy */;
			sourceTree = BUILT_PRODUCTS_DIR;
		};
/* End PBXReferenceProxy section */

/* Begin PBXResourcesBuildPhase section */
		6351FD9E1B83B63A00D4BB8D /* Resources */ = {
			isa = PBXResourcesBuildPhase;
			buildActionMask = 2147483647;
			files = (
				6351FDAB1B83B63A00D4BB8D /* Main.storyboard in Resources */,
				6351FDB01B83B63A00D4BB8D /* LaunchScreen.xib in Resources */,
				6351FDAD1B83B63A00D4BB8D /* Images.xcassets in Resources */,
			);
			runOnlyForDeploymentPostprocessing = 0;
		};
		6351FDB31B83B63A00D4BB8D /* Resources */ = {
			isa = PBXResourcesBuildPhase;
			buildActionMask = 2147483647;
			files = (
			);
			runOnlyForDeploymentPostprocessing = 0;
		};
/* End PBXResourcesBuildPhase section */

/* Begin PBXSourcesBuildPhase section */
		6351FD9C1B83B63A00D4BB8D /* Sources */ = {
			isa = PBXSourcesBuildPhase;
			buildActionMask = 2147483647;
			files = (
				6351FDA81B83B63A00D4BB8D /* ViewController.swift in Sources */,
				6351FDA61B83B63A00D4BB8D /* AppDelegate.swift in Sources */,
				6351FDF81B85048A00D4BB8D /* YelpAPIClient.swift in Sources */,
			);
			runOnlyForDeploymentPostprocessing = 0;
		};
		6351FDB11B83B63A00D4BB8D /* Sources */ = {
			isa = PBXSourcesBuildPhase;
			buildActionMask = 2147483647;
			files = (
				6351FDBC1B83B63A00D4BB8D /* Yelp_It_Off_DemoTests.swift in Sources */,
			);
			runOnlyForDeploymentPostprocessing = 0;
		};
/* End PBXSourcesBuildPhase section */

/* Begin PBXTargetDependency section */
		6351FDB71B83B63A00D4BB8D /* PBXTargetDependency */ = {
			isa = PBXTargetDependency;
			target = 6351FD9F1B83B63A00D4BB8D /* Yelp It Off Demo */;
			targetProxy = 6351FDB61B83B63A00D4BB8D /* PBXContainerItemProxy */;
		};
/* End PBXTargetDependency section */

/* Begin PBXVariantGroup section */
		6351FDA91B83B63A00D4BB8D /* Main.storyboard */ = {
			isa = PBXVariantGroup;
			children = (
				6351FDAA1B83B63A00D4BB8D /* Base */,
			);
			name = Main.storyboard;
			sourceTree = "<group>";
		};
		6351FDAE1B83B63A00D4BB8D /* LaunchScreen.xib */ = {
			isa = PBXVariantGroup;
			children = (
				6351FDAF1B83B63A00D4BB8D /* Base */,
			);
			name = LaunchScreen.xib;
			sourceTree = "<group>";
		};
/* End PBXVariantGroup section */

/* Begin XCBuildConfiguration section */
		6351FDBD1B83B63A00D4BB8D /* Debug */ = {
			isa = XCBuildConfiguration;
			buildSettings = {
				ALWAYS_SEARCH_USER_PATHS = NO;
				CLANG_CXX_LANGUAGE_STANDARD = "gnu++0x";
				CLANG_CXX_LIBRARY = "libc++";
				CLANG_ENABLE_MODULES = YES;
				CLANG_ENABLE_OBJC_ARC = YES;
				CLANG_WARN_BOOL_CONVERSION = YES;
				CLANG_WARN_CONSTANT_CONVERSION = YES;
				CLANG_WARN_DIRECT_OBJC_ISA_USAGE = YES_ERROR;
				CLANG_WARN_EMPTY_BODY = YES;
				CLANG_WARN_ENUM_CONVERSION = YES;
				CLANG_WARN_INT_CONVERSION = YES;
				CLANG_WARN_OBJC_ROOT_CLASS = YES_ERROR;
				CLANG_WARN_UNREACHABLE_CODE = YES;
				CLANG_WARN__DUPLICATE_METHOD_MATCH = YES;
				"CODE_SIGN_IDENTITY[sdk=iphoneos*]" = "iPhone Developer";
				COPY_PHASE_STRIP = NO;
				DEBUG_INFORMATION_FORMAT = "dwarf-with-dsym";
				ENABLE_STRICT_OBJC_MSGSEND = YES;
				ENABLE_TESTABILITY = YES;
				GCC_C_LANGUAGE_STANDARD = gnu99;
				GCC_DYNAMIC_NO_PIC = NO;
				GCC_NO_COMMON_BLOCKS = YES;
				GCC_OPTIMIZATION_LEVEL = 0;
				GCC_PREPROCESSOR_DEFINITIONS = (
					"DEBUG=1",
					"$(inherited)",
				);
				GCC_SYMBOLS_PRIVATE_EXTERN = NO;
				GCC_WARN_64_TO_32_BIT_CONVERSION = YES;
				GCC_WARN_ABOUT_RETURN_TYPE = YES_ERROR;
				GCC_WARN_UNDECLARED_SELECTOR = YES;
				GCC_WARN_UNINITIALIZED_AUTOS = YES_AGGRESSIVE;
				GCC_WARN_UNUSED_FUNCTION = YES;
				GCC_WARN_UNUSED_VARIABLE = YES;
				IPHONEOS_DEPLOYMENT_TARGET = 8.4;
				MTL_ENABLE_DEBUG_INFO = YES;
				ONLY_ACTIVE_ARCH = YES;
				SDKROOT = iphoneos;
				SWIFT_OPTIMIZATION_LEVEL = "-Onone";
				TARGETED_DEVICE_FAMILY = "1,2";
			};
			name = Debug;
		};
		6351FDBE1B83B63A00D4BB8D /* Release */ = {
			isa = XCBuildConfiguration;
			buildSettings = {
				ALWAYS_SEARCH_USER_PATHS = NO;
				CLANG_CXX_LANGUAGE_STANDARD = "gnu++0x";
				CLANG_CXX_LIBRARY = "libc++";
				CLANG_ENABLE_MODULES = YES;
				CLANG_ENABLE_OBJC_ARC = YES;
				CLANG_WARN_BOOL_CONVERSION = YES;
				CLANG_WARN_CONSTANT_CONVERSION = YES;
				CLANG_WARN_DIRECT_OBJC_ISA_USAGE = YES_ERROR;
				CLANG_WARN_EMPTY_BODY = YES;
				CLANG_WARN_ENUM_CONVERSION = YES;
				CLANG_WARN_INT_CONVERSION = YES;
				CLANG_WARN_OBJC_ROOT_CLASS = YES_ERROR;
				CLANG_WARN_UNREACHABLE_CODE = YES;
				CLANG_WARN__DUPLICATE_METHOD_MATCH = YES;
				"CODE_SIGN_IDENTITY[sdk=iphoneos*]" = "iPhone Developer";
				COPY_PHASE_STRIP = NO;
				DEBUG_INFORMATION_FORMAT = "dwarf-with-dsym";
				ENABLE_NS_ASSERTIONS = NO;
				ENABLE_STRICT_OBJC_MSGSEND = YES;
				GCC_C_LANGUAGE_STANDARD = gnu99;
				GCC_NO_COMMON_BLOCKS = YES;
				GCC_WARN_64_TO_32_BIT_CONVERSION = YES;
				GCC_WARN_ABOUT_RETURN_TYPE = YES_ERROR;
				GCC_WARN_UNDECLARED_SELECTOR = YES;
				GCC_WARN_UNINITIALIZED_AUTOS = YES_AGGRESSIVE;
				GCC_WARN_UNUSED_FUNCTION = YES;
				GCC_WARN_UNUSED_VARIABLE = YES;
				IPHONEOS_DEPLOYMENT_TARGET = 8.4;
				MTL_ENABLE_DEBUG_INFO = NO;
				SDKROOT = iphoneos;
				TARGETED_DEVICE_FAMILY = "1,2";
				VALIDATE_PRODUCT = YES;
			};
			name = Release;
		};
		6351FDC01B83B63A00D4BB8D /* Debug */ = {
			isa = XCBuildConfiguration;
			buildSettings = {
				ASSETCATALOG_COMPILER_APPICON_NAME = AppIcon;
				INFOPLIST_FILE = "Yelp It Off Demo/Info.plist";
				LD_RUNPATH_SEARCH_PATHS = "$(inherited) @executable_path/Frameworks";
				PRODUCT_BUNDLE_IDENTIFIER = "dlqapps.$(PRODUCT_NAME:rfc1034identifier)";
				PRODUCT_NAME = "$(TARGET_NAME)";
			};
			name = Debug;
		};
		6351FDC11B83B63A00D4BB8D /* Release */ = {
			isa = XCBuildConfiguration;
			buildSettings = {
				ASSETCATALOG_COMPILER_APPICON_NAME = AppIcon;
				INFOPLIST_FILE = "Yelp It Off Demo/Info.plist";
				LD_RUNPATH_SEARCH_PATHS = "$(inherited) @executable_path/Frameworks";
				PRODUCT_BUNDLE_IDENTIFIER = "dlqapps.$(PRODUCT_NAME:rfc1034identifier)";
				PRODUCT_NAME = "$(TARGET_NAME)";
			};
			name = Release;
		};
		6351FDC31B83B63A00D4BB8D /* Debug */ = {
			isa = XCBuildConfiguration;
			buildSettings = {
				BUNDLE_LOADER = "$(TEST_HOST)";
				FRAMEWORK_SEARCH_PATHS = (
					"$(SDKROOT)/Developer/Library/Frameworks",
					"$(inherited)",
				);
				GCC_PREPROCESSOR_DEFINITIONS = (
					"DEBUG=1",
					"$(inherited)",
				);
				INFOPLIST_FILE = "Yelp It Off DemoTests/Info.plist";
				LD_RUNPATH_SEARCH_PATHS = "$(inherited) @executable_path/Frameworks @loader_path/Frameworks";
				PRODUCT_BUNDLE_IDENTIFIER = "dlqapps.$(PRODUCT_NAME:rfc1034identifier)";
				PRODUCT_NAME = "$(TARGET_NAME)";
				TEST_HOST = "$(BUILT_PRODUCTS_DIR)/Yelp It Off Demo.app/Yelp It Off Demo";
			};
			name = Debug;
		};
		6351FDC41B83B63A00D4BB8D /* Release */ = {
			isa = XCBuildConfiguration;
			buildSettings = {
				BUNDLE_LOADER = "$(TEST_HOST)";
				FRAMEWORK_SEARCH_PATHS = (
					"$(SDKROOT)/Developer/Library/Frameworks",
					"$(inherited)",
				);
				INFOPLIST_FILE = "Yelp It Off DemoTests/Info.plist";
				LD_RUNPATH_SEARCH_PATHS = "$(inherited) @executable_path/Frameworks @loader_path/Frameworks";
				PRODUCT_BUNDLE_IDENTIFIER = "dlqapps.$(PRODUCT_NAME:rfc1034identifier)";
				PRODUCT_NAME = "$(TARGET_NAME)";
				TEST_HOST = "$(BUILT_PRODUCTS_DIR)/Yelp It Off Demo.app/Yelp It Off Demo";
			};
			name = Release;
		};
/* End XCBuildConfiguration section */

/* Begin XCConfigurationList section */
		6351FD9B1B83B63A00D4BB8D /* Build configuration list for PBXProject "Yelp It Off Demo" */ = {
			isa = XCConfigurationList;
			buildConfigurations = (
				6351FDBD1B83B63A00D4BB8D /* Debug */,
				6351FDBE1B83B63A00D4BB8D /* Release */,
			);
			defaultConfigurationIsVisible = 0;
			defaultConfigurationName = Release;
		};
		6351FDBF1B83B63A00D4BB8D /* Build configuration list for PBXNativeTarget "Yelp It Off Demo" */ = {
			isa = XCConfigurationList;
			buildConfigurations = (
				6351FDC01B83B63A00D4BB8D /* Debug */,
				6351FDC11B83B63A00D4BB8D /* Release */,
			);
			defaultConfigurationIsVisible = 0;
			defaultConfigurationName = Release;
		};
		6351FDC21B83B63A00D4BB8D /* Build configuration list for PBXNativeTarget "Yelp It Off DemoTests" */ = {
			isa = XCConfigurationList;
			buildConfigurations = (
				6351FDC31B83B63A00D4BB8D /* Debug */,
				6351FDC41B83B63A00D4BB8D /* Release */,
			);
			defaultConfigurationIsVisible = 0;
			defaultConfigurationName = Release;
		};
/* End XCConfigurationList section */
	};
	rootObject = 6351FD981B83B63A00D4BB8D /* Project object */;
}
